// !$*UTF8*$!
{
	archiveVersion = 1;
	classes = {};
	objectVersion = 56;
	objects = {

/* Begin PBXBuildFile section */
		CC1FA70874A343E781555AFE /* KkanbuStockApp.swift in Sources */ = {isa = PBXBuildFile; fileRef = 679A21B7B1F34D5BA47F48D6 /* KkanbuStockApp.swift */; };
		5FB225CF1DFC451C8CA42CA7 /* Theme.swift in Sources */ = {isa = PBXBuildFile; fileRef = 7871C65919364D1EAA995EA3 /* Theme.swift */; };
		D2C6507DFFED4F448A28FBD5 /* EventEngine.swift in Sources */ = {isa = PBXBuildFile; fileRef = 024448F06EDE42609F338B76 /* EventEngine.swift */; };
		BBB73333542B426A989F4117 /* EventRulesCore.swift in Sources */ = {isa = PBXBuildFile; fileRef = 213249BCBBC34B55A3503CEF /* EventRulesCore.swift */; };
		E2EABD5374FD48BBB2F114DC /* EventRulesSocial.swift in Sources */ = {isa = PBXBuildFile; fileRef = FAC3D10C4A554A3EA50B27A5 /* EventRulesSocial.swift */; };
		212AC537E5E64126A47919DB /* AppState.swift in Sources */ = {isa = PBXBuildFile; fileRef = 9753FC951744466EA90B83BF /* AppState.swift */; };
		73A851F693834EB68D0E72AB /* CoreModels.swift in Sources */ = {isa = PBXBuildFile; fileRef = 46960124A04146E592478F34 /* CoreModels.swift */; };
		CEF7C6C10A864C67A7196FB7 /* EventModels.swift in Sources */ = {isa = PBXBuildFile; fileRef = 2F9C217B1F8E46D3BF4BD5C7 /* EventModels.swift */; };
		270F135752E442A6806C1E11 /* SocialModels.swift in Sources */ = {isa = PBXBuildFile; fileRef = DDDB4A7F56914102A8FF1230 /* SocialModels.swift */; };
		450F25D03CB041BDB7F7E7F1 /* KkangbuMath.swift in Sources */ = {isa = PBXBuildFile; fileRef = 9F47013C2AF443C395329468 /* KkangbuMath.swift */; };
		36F43BDA94BE4E50BBB82E68 /* MoneyFormat.swift in Sources */ = {isa = PBXBuildFile; fileRef = 7C7E4B37489C4AC580E6D3AD /* MoneyFormat.swift */; };
		88478336031949F5BF88DCB9 /* PersistenceStore.swift in Sources */ = {isa = PBXBuildFile; fileRef = 4BF58FAFBBFB41BB97558EE1 /* PersistenceStore.swift */; };
		2729F187DBAB434A93977568 /* RankingService.swift in Sources */ = {isa = PBXBuildFile; fileRef = EFBF06CD2CC64E86A33A5DD9 /* RankingService.swift */; };
		D25C52DBFF844CF5BBC3CAA6 /* SocialHistory.swift in Sources */ = {isa = PBXBuildFile; fileRef = 1593BB913B4B4E0B91B62A7C /* SocialHistory.swift */; };
		C3C6FC077768477EB8E87AC9 /* StockPriceService.swift in Sources */ = {isa = PBXBuildFile; fileRef = AF8EB9CF53444B65850CAD77 /* StockPriceService.swift */; };
		321C1DAEECBE4F95AF84B1C9 /* StockScreenshotAnalyzer.swift in Sources */ = {isa = PBXBuildFile; fileRef = A7D72F1CC7794D6286C2A622 /* StockScreenshotAnalyzer.swift */; };
		3D8B10CC459444249348514A /* VerificationService.swift in Sources */ = {isa = PBXBuildFile; fileRef = D781C42690D7492481EBF6D5 /* VerificationService.swift */; };
		229E1351BF434767879AA42B /* AddStockView.swift in Sources */ = {isa = PBXBuildFile; fileRef = 25AF9A48C7A94D03A98B3AF7 /* AddStockView.swift */; };
		F91884FB31D541809E660A42 /* GroupViews.swift in Sources */ = {isa = PBXBuildFile; fileRef = 85970C7CBC424F0D8A522A76 /* GroupViews.swift */; };
		B0F7443F397C49EDAC1CA8C3 /* HoldingsView.swift in Sources */ = {isa = PBXBuildFile; fileRef = 6BC7DFE194374FA7A8E17459 /* HoldingsView.swift */; };
		5B26B7D66C3446299F335638 /* OnboardingView.swift in Sources */ = {isa = PBXBuildFile; fileRef = 980A7DDDA6FD49B69D44BCCB /* OnboardingView.swift */; };
		FB7E7DBE90894C1E96A136F0 /* PeopleViews.swift in Sources */ = {isa = PBXBuildFile; fileRef = 547AE41FD15543029C29D9F0 /* PeopleViews.swift */; };
		ABE7C177B8594FB295053BFD /* AppStore.swift in Sources */ = {isa = PBXBuildFile; fileRef = 94E169C6A0674268A6BA7F4C /* AppStore.swift */; };
		154DC199C8C1467ABA4A7686 /* DemoSeeder.swift in Sources */ = {isa = PBXBuildFile; fileRef = E30B11914CC942C69AD5D46E /* DemoSeeder.swift */; };
		A5E492EC29FA45E1A057341F /* KkanbuCoreTests.swift in Sources */ = {isa = PBXBuildFile; fileRef = 90068A9BC2E8416D92F6122D /* KkanbuCoreTests.swift */; };
		02546519786C4171900C60AA /* Assets.xcassets in Resources */ = {isa = PBXBuildFile; fileRef = 5A0A83CCF7354296B48EA01C /* Assets.xcassets */; };
/* End PBXBuildFile section */

/* Begin PBXFileReference section */
		7EA51FE5A1D9417D9B36B5BB /* KkanbuStock.app */ = {isa = PBXFileReference; explicitFileType = wrapper.application; includeInIndex = 0; path = KkanbuStock.app; sourceTree = BUILT_PRODUCTS_DIR; };
		5BD369B3A4804393A208A3C2 /* KkanbuStockTests.xctest */ = {isa = PBXFileReference; explicitFileType = wrapper.cfbundle; includeInIndex = 0; path = KkanbuStockTests.xctest; sourceTree = BUILT_PRODUCTS_DIR; };
		5A0A83CCF7354296B48EA01C /* Assets.xcassets */ = {isa = PBXFileReference; lastKnownFileType = folder.assetcatalog; path = Assets.xcassets; sourceTree = "<group>"; };
		679A21B7B1F34D5BA47F48D6 /* KkanbuStockApp.swift */ = {isa = PBXFileReference; lastKnownFileType = sourcecode.swift; path = KkanbuStockApp.swift; sourceTree = "<group>"; };
		7871C65919364D1EAA995EA3 /* Theme.swift */ = {isa = PBXFileReference; lastKnownFileType = sourcecode.swift; path = Theme.swift; sourceTree = "<group>"; };
		024448F06EDE42609F338B76 /* EventEngine.swift */ = {isa = PBXFileReference; lastKnownFileType = sourcecode.swift; path = EventEngine.swift; sourceTree = "<group>"; };
		213249BCBBC34B55A3503CEF /* EventRulesCore.swift */ = {isa = PBXFileReference; lastKnownFileType = sourcecode.swift; path = EventRulesCore.swift; sourceTree = "<group>"; };
		FAC3D10C4A554A3EA50B27A5 /* EventRulesSocial.swift */ = {isa = PBXFileReference; lastKnownFileType = sourcecode.swift; path = EventRulesSocial.swift; sourceTree = "<group>"; };
		9753FC951744466EA90B83BF /* AppState.swift */ = {isa = PBXFileReference; lastKnownFileType = sourcecode.swift; path = AppState.swift; sourceTree = "<group>"; };
		46960124A04146E592478F34 /* CoreModels.swift */ = {isa = PBXFileReference; lastKnownFileType = sourcecode.swift; path = CoreModels.swift; sourceTree = "<group>"; };
		2F9C217B1F8E46D3BF4BD5C7 /* EventModels.swift */ = {isa = PBXFileReference; lastKnownFileType = sourcecode.swift; path = EventModels.swift; sourceTree = "<group>"; };
		DDDB4A7F56914102A8FF1230 /* SocialModels.swift */ = {isa = PBXFileReference; lastKnownFileType = sourcecode.swift; path = SocialModels.swift; sourceTree = "<group>"; };
		9F47013C2AF443C395329468 /* KkangbuMath.swift */ = {isa = PBXFileReference; lastKnownFileType = sourcecode.swift; path = KkangbuMath.swift; sourceTree = "<group>"; };
		7C7E4B37489C4AC580E6D3AD /* MoneyFormat.swift */ = {isa = PBXFileReference; lastKnownFileType = sourcecode.swift; path = MoneyFormat.swift; sourceTree = "<group>"; };
		4BF58FAFBBFB41BB97558EE1 /* PersistenceStore.swift */ = {isa = PBXFileReference; lastKnownFileType = sourcecode.swift; path = PersistenceStore.swift; sourceTree = "<group>"; };
		EFBF06CD2CC64E86A33A5DD9 /* RankingService.swift */ = {isa = PBXFileReference; lastKnownFileType = sourcecode.swift; path = RankingService.swift; sourceTree = "<group>"; };
		1593BB913B4B4E0B91B62A7C /* SocialHistory.swift */ = {isa = PBXFileReference; lastKnownFileType = sourcecode.swift; path = SocialHistory.swift; sourceTree = "<group>"; };
		AF8EB9CF53444B65850CAD77 /* StockPriceService.swift */ = {isa = PBXFileReference; lastKnownFileType = sourcecode.swift; path = StockPriceService.swift; sourceTree = "<group>"; };
		A7D72F1CC7794D6286C2A622 /* StockScreenshotAnalyzer.swift */ = {isa = PBXFileReference; lastKnownFileType = sourcecode.swift; path = StockScreenshotAnalyzer.swift; sourceTree = "<group>"; };
		D781C42690D7492481EBF6D5 /* VerificationService.swift */ = {isa = PBXFileReference; lastKnownFileType = sourcecode.swift; path = VerificationService.swift; sourceTree = "<group>"; };
		25AF9A48C7A94D03A98B3AF7 /* AddStockView.swift */ = {isa = PBXFileReference; lastKnownFileType = sourcecode.swift; path = AddStockView.swift; sourceTree = "<group>"; };
		85970C7CBC424F0D8A522A76 /* GroupViews.swift */ = {isa = PBXFileReference; lastKnownFileType = sourcecode.swift; path = GroupViews.swift; sourceTree = "<group>"; };
		6BC7DFE194374FA7A8E17459 /* HoldingsView.swift */ = {isa = PBXFileReference; lastKnownFileType = sourcecode.swift; path = HoldingsView.swift; sourceTree = "<group>"; };
		980A7DDDA6FD49B69D44BCCB /* OnboardingView.swift */ = {isa = PBXFileReference; lastKnownFileType = sourcecode.swift; path = OnboardingView.swift; sourceTree = "<group>"; };
		547AE41FD15543029C29D9F0 /* PeopleViews.swift */ = {isa = PBXFileReference; lastKnownFileType = sourcecode.swift; path = PeopleViews.swift; sourceTree = "<group>"; };
		94E169C6A0674268A6BA7F4C /* AppStore.swift */ = {isa = PBXFileReference; lastKnownFileType = sourcecode.swift; path = AppStore.swift; sourceTree = "<group>"; };
		E30B11914CC942C69AD5D46E /* DemoSeeder.swift */ = {isa = PBXFileReference; lastKnownFileType = sourcecode.swift; path = DemoSeeder.swift; sourceTree = "<group>"; };
		90068A9BC2E8416D92F6122D /* KkanbuCoreTests.swift */ = {isa = PBXFileReference; lastKnownFileType = sourcecode.swift; path = KkanbuCoreTests.swift; sourceTree = "<group>"; };
/* End PBXFileReference section */

/* Begin PBXGroup section */
		C0AE3D1F925B45329826ABCC = {
			isa = PBXGroup;
			children = (
				C27FC0FFDE6443D8A06EE801 /* KkanbuStock */,
				2506926E9B1B4FF4A6143D72 /* KkanbuStockTests */,
				16F00C2D9EF14CF4A2DDD485 /* Products */,
			);
			sourceTree = "<group>";
		};
		16F00C2D9EF14CF4A2DDD485 /* Products */ = {
			isa = PBXGroup;
			children = (7EA51FE5A1D9417D9B36B5BB /* KkanbuStock.app */, 5BD369B3A4804393A208A3C2 /* KkanbuStockTests.xctest */,);
			name = Products;
			sourceTree = "<group>";
		};
		C27FC0FFDE6443D8A06EE801 /* KkanbuStock */ = {
			isa = PBXGroup;
			children = (
				D54C1AACFCFB4345A7C994D3 /* App */,
				F66C1258E121435F9B193B26 /* DesignSystem */,
				D83F3D70E9D44A30A2E9759D /* Domain */,
				05CF8C32D4544A44B3AA3F96 /* Features */,
				D15D8EF7AFCB4AE4B3DB73F0 /* Store */,
				5A0A83CCF7354296B48EA01C /* Assets.xcassets */,
			);
			path = KkanbuStock;
			sourceTree = "<group>";
		};
		D54C1AACFCFB4345A7C994D3 /* App */ = {
			isa = PBXGroup;
			children = (
				679A21B7B1F34D5BA47F48D6 /* KkanbuStockApp.swift */,
			);
			path = App;
			sourceTree = "<group>";
		};
		F66C1258E121435F9B193B26 /* DesignSystem */ = {
			isa = PBXGroup;
			children = (
				7871C65919364D1EAA995EA3 /* Theme.swift */,
			);
			path = DesignSystem;
			sourceTree = "<group>";
		};
		D83F3D70E9D44A30A2E9759D /* Domain */ = {
			isa = PBXGroup;
			children = (
				EA3FF99CBC154BF8BFE2C254 /* EventEngine */,
				DEC7DBDE94F8435BA870923D /* Models */,
				F7DE60C76E4E4E2FBFF14996 /* Services */,
			);
			path = Domain;
			sourceTree = "<group>";
		};
		EA3FF99CBC154BF8BFE2C254 /* EventEngine */ = {
			isa = PBXGroup;
			children = (
				024448F06EDE42609F338B76 /* EventEngine.swift */,
				213249BCBBC34B55A3503CEF /* EventRulesCore.swift */,
				FAC3D10C4A554A3EA50B27A5 /* EventRulesSocial.swift */,
			);
			path = EventEngine;
			sourceTree = "<group>";
		};
		DEC7DBDE94F8435BA870923D /* Models */ = {
			isa = PBXGroup;
			children = (
				9753FC951744466EA90B83BF /* AppState.swift */,
				46960124A04146E592478F34 /* CoreModels.swift */,
				2F9C217B1F8E46D3BF4BD5C7 /* EventModels.swift */,
				DDDB4A7F56914102A8FF1230 /* SocialModels.swift */,
			);
			path = Models;
			sourceTree = "<group>";
		};
		F7DE60C76E4E4E2FBFF14996 /* Services */ = {
			isa = PBXGroup;
			children = (
				9F47013C2AF443C395329468 /* KkangbuMath.swift */,
				7C7E4B37489C4AC580E6D3AD /* MoneyFormat.swift */,
				4BF58FAFBBFB41BB97558EE1 /* PersistenceStore.swift */,
				EFBF06CD2CC64E86A33A5DD9 /* RankingService.swift */,
				1593BB913B4B4E0B91B62A7C /* SocialHistory.swift */,
				AF8EB9CF53444B65850CAD77 /* StockPriceService.swift */,
				A7D72F1CC7794D6286C2A622 /* StockScreenshotAnalyzer.swift */,
				D781C42690D7492481EBF6D5 /* VerificationService.swift */,
			);
			path = Services;
			sourceTree = "<group>";
		};
		05CF8C32D4544A44B3AA3F96 /* Features */ = {
			isa = PBXGroup;
			children = (
				25AF9A48C7A94D03A98B3AF7 /* AddStockView.swift */,
				85970C7CBC424F0D8A522A76 /* GroupViews.swift */,
				6BC7DFE194374FA7A8E17459 /* HoldingsView.swift */,
				980A7DDDA6FD49B69D44BCCB /* OnboardingView.swift */,
				547AE41FD15543029C29D9F0 /* PeopleViews.swift */,
			);
			path = Features;
			sourceTree = "<group>";
		};
		D15D8EF7AFCB4AE4B3DB73F0 /* Store */ = {
			isa = PBXGroup;
			children = (
				94E169C6A0674268A6BA7F4C /* AppStore.swift */,
				E30B11914CC942C69AD5D46E /* DemoSeeder.swift */,
			);
			path = Store;
			sourceTree = "<group>";
		};
		2506926E9B1B4FF4A6143D72 /* KkanbuStockTests */ = {
			isa = PBXGroup;
			children = (
				90068A9BC2E8416D92F6122D /* KkanbuCoreTests.swift */,
			);
			path = KkanbuStockTests;
			sourceTree = "<group>";
		};
/* End PBXGroup section */

/* Begin PBXNativeTarget section */
		CBD6F9EA436E4136A3A590F9 /* KkanbuStock */ = {
			isa = PBXNativeTarget;
			buildConfigurationList = 9FFE8386E2434D38996B01EB /* Build configuration list for PBXNativeTarget "KkanbuStock" */;
			buildPhases = (
				1C083DA3B3FF4A78B9C02741 /* Sources */,
				45BB39FBB88F491BA56F4C3E /* Frameworks */,
				E95F4E0A18A44582A97FB6F4 /* Resources */,
			);
			buildRules = ();
			dependencies = ();
			name = KkanbuStock;
			productName = KkanbuStock;
			productReference = 7EA51FE5A1D9417D9B36B5BB /* KkanbuStock.app */;
			productType = "com.apple.product-type.application";
		};
		66F1D491C35745C5AB159A85 /* KkanbuStockTests */ = {
			isa = PBXNativeTarget;
			buildConfigurationList = 332FDA2FB7DE44C18343A71F /* Build configuration list for PBXNativeTarget "KkanbuStockTests" */;
			buildPhases = (
				0388A60A531844B28707B79B /* Sources */,
				BA9D9C6681DB47E09D3BA6EA /* Frameworks */,
			);
			buildRules = ();
			dependencies = (4F7201A4C5BF4D1DAC437FB9 /* PBXTargetDependency */,);
			name = KkanbuStockTests;
			productName = KkanbuStockTests;
			productReference = 5BD369B3A4804393A208A3C2 /* KkanbuStockTests.xctest */;
			productType = "com.apple.product-type.bundle.unit-test";
		};
/* End PBXNativeTarget section */

/* Begin PBXContainerItemProxy section */
		6735C3A5993C4FAF94309F0A /* PBXContainerItemProxy */ = {isa = PBXContainerItemProxy; containerPortal = 73811BA83C2B4C6D95A7A78A /* Project object */; proxyType = 1; remoteGlobalIDString = CBD6F9EA436E4136A3A590F9; remoteInfo = KkanbuStock; };
/* End PBXContainerItemProxy section */

/* Begin PBXTargetDependency section */
		4F7201A4C5BF4D1DAC437FB9 /* PBXTargetDependency */ = {isa = PBXTargetDependency; target = CBD6F9EA436E4136A3A590F9 /* KkanbuStock */; targetProxy = 6735C3A5993C4FAF94309F0A /* PBXContainerItemProxy */; };
/* End PBXTargetDependency section */

/* Begin PBXProject section */
		73811BA83C2B4C6D95A7A78A /* Project object */ = {
			isa = PBXProject;
			attributes = {LastSwiftUpdateCheck = 1600; LastUpgradeCheck = 1600; TargetAttributes = {
				CBD6F9EA436E4136A3A590F9 = {CreatedOnToolsVersion = 16.0; };
				66F1D491C35745C5AB159A85 = {CreatedOnToolsVersion = 16.0; TestTargetID = CBD6F9EA436E4136A3A590F9; };
			}; };
			buildConfigurationList = 100E290EE5FE472D9CC266B1 /* Build configuration list for PBXProject "KkanbuStock" */;
			compatibilityVersion = "Xcode 14.0";
			developmentRegion = ko;
			hasScannedForEncodings = 0;
			knownRegions = (en, ko, Base,);
			mainGroup = C0AE3D1F925B45329826ABCC;
			productRefGroup = 16F00C2D9EF14CF4A2DDD485 /* Products */;
			projectDirPath = "";
			projectRoot = "";
			targets = (CBD6F9EA436E4136A3A590F9 /* KkanbuStock */, 66F1D491C35745C5AB159A85 /* KkanbuStockTests */,);
		};
/* End PBXProject section */

/* Begin PBXResourcesBuildPhase section */
		E95F4E0A18A44582A97FB6F4 /* Resources */ = {isa = PBXResourcesBuildPhase; buildActionMask = 2147483647; files = (02546519786C4171900C60AA /* Assets.xcassets in Resources */,); runOnlyForDeploymentPostprocessing = 0; };
/* End PBXResourcesBuildPhase section */

/* Begin PBXFrameworksBuildPhase section */
		45BB39FBB88F491BA56F4C3E /* Frameworks */ = {isa = PBXFrameworksBuildPhase; buildActionMask = 2147483647; files = (); runOnlyForDeploymentPostprocessing = 0; };
		BA9D9C6681DB47E09D3BA6EA /* Frameworks */ = {isa = PBXFrameworksBuildPhase; buildActionMask = 2147483647; files = (); runOnlyForDeploymentPostprocessing = 0; };
/* End PBXFrameworksBuildPhase section */

/* Begin PBXSourcesBuildPhase section */
		1C083DA3B3FF4A78B9C02741 /* Sources */ = {isa = PBXSourcesBuildPhase; buildActionMask = 2147483647; files = (
			CC1FA70874A343E781555AFE /* KkanbuStockApp.swift in Sources */,
			5FB225CF1DFC451C8CA42CA7 /* Theme.swift in Sources */,
			D2C6507DFFED4F448A28FBD5 /* EventEngine.swift in Sources */,
			BBB73333542B426A989F4117 /* EventRulesCore.swift in Sources */,
			E2EABD5374FD48BBB2F114DC /* EventRulesSocial.swift in Sources */,
			212AC537E5E64126A47919DB /* AppState.swift in Sources */,
			73A851F693834EB68D0E72AB /* CoreModels.swift in Sources */,
			CEF7C6C10A864C67A7196FB7 /* EventModels.swift in Sources */,
			270F135752E442A6806C1E11 /* SocialModels.swift in Sources */,
			450F25D03CB041BDB7F7E7F1 /* KkangbuMath.swift in Sources */,
			36F43BDA94BE4E50BBB82E68 /* MoneyFormat.swift in Sources */,
			88478336031949F5BF88DCB9 /* PersistenceStore.swift in Sources */,
			2729F187DBAB434A93977568 /* RankingService.swift in Sources */,
			D25C52DBFF844CF5BBC3CAA6 /* SocialHistory.swift in Sources */,
			C3C6FC077768477EB8E87AC9 /* StockPriceService.swift in Sources */,
			321C1DAEECBE4F95AF84B1C9 /* StockScreenshotAnalyzer.swift in Sources */,
			3D8B10CC459444249348514A /* VerificationService.swift in Sources */,
			229E1351BF434767879AA42B /* AddStockView.swift in Sources */,
			F91884FB31D541809E660A42 /* GroupViews.swift in Sources */,
			B0F7443F397C49EDAC1CA8C3 /* HoldingsView.swift in Sources */,
			5B26B7D66C3446299F335638 /* OnboardingView.swift in Sources */,
			FB7E7DBE90894C1E96A136F0 /* PeopleViews.swift in Sources */,
			ABE7C177B8594FB295053BFD /* AppStore.swift in Sources */,
			154DC199C8C1467ABA4A7686 /* DemoSeeder.swift in Sources */,
		); runOnlyForDeploymentPostprocessing = 0; };
		0388A60A531844B28707B79B /* Sources */ = {isa = PBXSourcesBuildPhase; buildActionMask = 2147483647; files = (
			A5E492EC29FA45E1A057341F /* KkanbuCoreTests.swift in Sources */,
		); runOnlyForDeploymentPostprocessing = 0; };
/* End PBXSourcesBuildPhase section */

		DFFAEB645DBE4612AD5E07E5 /* Debug */ = {
			isa = XCBuildConfiguration;
			buildSettings = {

				ALWAYS_SEARCH_USER_PATHS = NO;
				CLANG_ENABLE_MODULES = YES;
				CLANG_ENABLE_OBJC_ARC = YES;
				COPY_PHASE_STRIP = NO;
				DEBUG_INFORMATION_FORMAT = dwarf;
				ENABLE_STRICT_OBJC_MSGSEND = YES;
				GCC_DYNAMIC_NO_PIC = NO;
				GCC_NO_COMMON_BLOCKS = YES;
				IPHONEOS_DEPLOYMENT_TARGET = 17.0;
				MTL_ENABLE_DEBUG_INFO = INCLUDE_SOURCE;
				SDKROOT = iphoneos;
				SWIFT_VERSION = 5.0;
				SWIFT_EMIT_LOC_STRINGS = YES;
				SWIFT_ACTIVE_COMPILATION_CONDITIONS = DEBUG;
				SWIFT_OPTIMIZATION_LEVEL = "-Onone";
				ENABLE_TESTABILITY = YES;
			};
			name = Debug;
		};
		70BF753476954C108D6E9095 /* Release */ = {
			isa = XCBuildConfiguration;
			buildSettings = {

				ALWAYS_SEARCH_USER_PATHS = NO;
				CLANG_ENABLE_MODULES = YES;
				CLANG_ENABLE_OBJC_ARC = YES;
				COPY_PHASE_STRIP = NO;
				DEBUG_INFORMATION_FORMAT = dwarf;
				ENABLE_STRICT_OBJC_MSGSEND = YES;
				GCC_DYNAMIC_NO_PIC = NO;
				GCC_NO_COMMON_BLOCKS = YES;
				IPHONEOS_DEPLOYMENT_TARGET = 17.0;
				MTL_ENABLE_DEBUG_INFO = INCLUDE_SOURCE;
				SDKROOT = iphoneos;
				SWIFT_VERSION = 5.0;
				SWIFT_EMIT_LOC_STRINGS = YES;
				SWIFT_OPTIMIZATION_LEVEL = "-O";
				ENABLE_NS_ASSERTIONS = NO;
			};
			name = Release;
		};
		40FD78270D444079B7DBFA7C /* Debug */ = {
			isa = XCBuildConfiguration;
			buildSettings = {

				ASSETCATALOG_COMPILER_APPICON_NAME = AppIcon;
				ASSETCATALOG_COMPILER_GLOBAL_ACCENT_COLOR_NAME = AccentColor;
				CODE_SIGN_STYLE = Automatic;
				CURRENT_PROJECT_VERSION = 1;
				DEVELOPMENT_TEAM = "";
				ENABLE_PREVIEWS = YES;
				GENERATE_INFOPLIST_FILE = YES;
				INFOPLIST_KEY_CFBundleDisplayName = "주식 깐부";
				INFOPLIST_KEY_LSApplicationCategoryType = "public.app-category.social-networking";
				INFOPLIST_KEY_NSCameraUsageDescription = "증권 앱 화면을 촬영해 종목과 매수가를 인식합니다. 원본 이미지는 친구에게 공유되지 않습니다.";
				INFOPLIST_KEY_NSPhotoLibraryUsageDescription = "캡처한 증권 화면에서 종목 정보를 인식합니다. 원본 이미지는 친구에게 공개되지 않습니다.";
				INFOPLIST_KEY_UIApplicationSceneManifest_Generation = YES;
				INFOPLIST_KEY_UILaunchScreen_Generation = YES;
				INFOPLIST_KEY_UISupportedInterfaceOrientations_iPhone = "UIInterfaceOrientationPortrait UIInterfaceOrientationLandscapeLeft UIInterfaceOrientationLandscapeRight";
				INFOPLIST_KEY_UISupportedInterfaceOrientations_iPad = "UIInterfaceOrientationPortrait UIInterfaceOrientationPortraitUpsideDown UIInterfaceOrientationLandscapeLeft UIInterfaceOrientationLandscapeRight";
				LD_RUNPATH_SEARCH_PATHS = "$(inherited) @executable_path/Frameworks";
				MARKETING_VERSION = 0.1.0;
				PRODUCT_BUNDLE_IDENTIFIER = com.kkanbu.stock;
				PRODUCT_NAME = KkanbuStock;
				SUPPORTED_PLATFORMS = "iphoneos iphonesimulator";
				SUPPORTS_MACCATALYST = NO;
				SWIFT_EMIT_LOC_STRINGS = YES;
				SWIFT_STRICT_CONCURRENCY = targeted;
				SWIFT_VERSION = 5.0;
				TARGETED_DEVICE_FAMILY = "1,2";

			};
			name = Debug;
		};
		90C9707075F646C9BF215B14 /* Release */ = {
			isa = XCBuildConfiguration;
			buildSettings = {

				ASSETCATALOG_COMPILER_APPICON_NAME = AppIcon;
				ASSETCATALOG_COMPILER_GLOBAL_ACCENT_COLOR_NAME = AccentColor;
				CODE_SIGN_STYLE = Automatic;
				CURRENT_PROJECT_VERSION = 1;
				DEVELOPMENT_TEAM = "";
				ENABLE_PREVIEWS = YES;
				GENERATE_INFOPLIST_FILE = YES;
				INFOPLIST_KEY_CFBundleDisplayName = "주식 깐부";
				INFOPLIST_KEY_LSApplicationCategoryType = "public.app-category.social-networking";
				INFOPLIST_KEY_NSCameraUsageDescription = "증권 앱 화면을 촬영해 종목과 매수가를 인식합니다. 원본 이미지는 친구에게 공유되지 않습니다.";
				INFOPLIST_KEY_NSPhotoLibraryUsageDescription = "캡처한 증권 화면에서 종목 정보를 인식합니다. 원본 이미지는 친구에게 공개되지 않습니다.";
				INFOPLIST_KEY_UIApplicationSceneManifest_Generation = YES;
				INFOPLIST_KEY_UILaunchScreen_Generation = YES;
				INFOPLIST_KEY_UISupportedInterfaceOrientations_iPhone = "UIInterfaceOrientationPortrait UIInterfaceOrientationLandscapeLeft UIInterfaceOrientationLandscapeRight";
				INFOPLIST_KEY_UISupportedInterfaceOrientations_iPad = "UIInterfaceOrientationPortrait UIInterfaceOrientationPortraitUpsideDown UIInterfaceOrientationLandscapeLeft UIInterfaceOrientationLandscapeRight";
				LD_RUNPATH_SEARCH_PATHS = "$(inherited) @executable_path/Frameworks";
				MARKETING_VERSION = 0.1.0;
				PRODUCT_BUNDLE_IDENTIFIER = com.kkanbu.stock;
				PRODUCT_NAME = KkanbuStock;
				SUPPORTED_PLATFORMS = "iphoneos iphonesimulator";
				SUPPORTS_MACCATALYST = NO;
				SWIFT_EMIT_LOC_STRINGS = YES;
				SWIFT_STRICT_CONCURRENCY = targeted;
				SWIFT_VERSION = 5.0;
				TARGETED_DEVICE_FAMILY = "1,2";

			};
			name = Release;
		};
		7A4E2D8311514867AC18518A /* Debug */ = {
			isa = XCBuildConfiguration;
			buildSettings = {

				BUNDLE_LOADER = "$(TEST_HOST)";
				CODE_SIGN_STYLE = Automatic;
				CURRENT_PROJECT_VERSION = 1;
				GENERATE_INFOPLIST_FILE = YES;
				IPHONEOS_DEPLOYMENT_TARGET = 17.0;
				MARKETING_VERSION = 0.1.0;
				PRODUCT_BUNDLE_IDENTIFIER = com.kkanbu.stock.tests;
				PRODUCT_NAME = "$(TARGET_NAME)";
				SWIFT_VERSION = 5.0;
				TARGETED_DEVICE_FAMILY = "1,2";
				TEST_HOST = "$(BUILT_PRODUCTS_DIR)/KkanbuStock.app/$(BUNDLE_EXECUTABLE_FOLDER_PATH)/KkanbuStock";

			};
			name = Debug;
		};
		CED4CCD64CF34FB0A1FBBB4B /* Release */ = {
			isa = XCBuildConfiguration;
			buildSettings = {

				BUNDLE_LOADER = "$(TEST_HOST)";
				CODE_SIGN_STYLE = Automatic;
				CURRENT_PROJECT_VERSION = 1;
				GENERATE_INFOPLIST_FILE = YES;
				IPHONEOS_DEPLOYMENT_TARGET = 17.0;
				MARKETING_VERSION = 0.1.0;
				PRODUCT_BUNDLE_IDENTIFIER = com.kkanbu.stock.tests;
				PRODUCT_NAME = "$(TARGET_NAME)";
				SWIFT_VERSION = 5.0;
				TARGETED_DEVICE_FAMILY = "1,2";
				TEST_HOST = "$(BUILT_PRODUCTS_DIR)/KkanbuStock.app/$(BUNDLE_EXECUTABLE_FOLDER_PATH)/KkanbuStock";

			};
			name = Release;
		};
/* Begin XCConfigurationList section */
		100E290EE5FE472D9CC266B1 /* Build configuration list for PBXProject "KkanbuStock" */ = {isa = XCConfigurationList; buildConfigurations = (DFFAEB645DBE4612AD5E07E5 /* Debug */, 70BF753476954C108D6E9095 /* Release */,); defaultConfigurationIsVisible = 0; defaultConfigurationName = Release; };
		9FFE8386E2434D38996B01EB /* Build configuration list for PBXNativeTarget "KkanbuStock" */ = {isa = XCConfigurationList; buildConfigurations = (40FD78270D444079B7DBFA7C /* Debug */, 90C9707075F646C9BF215B14 /* Release */,); defaultConfigurationIsVisible = 0; defaultConfigurationName = Release; };
		332FDA2FB7DE44C18343A71F /* Build configuration list for PBXNativeTarget "KkanbuStockTests" */ = {isa = XCConfigurationList; buildConfigurations = (7A4E2D8311514867AC18518A /* Debug */, CED4CCD64CF34FB0A1FBBB4B /* Release */,); defaultConfigurationIsVisible = 0; defaultConfigurationName = Release; };
/* End XCConfigurationList section */
	};
	rootObject = 73811BA83C2B4C6D95A7A78A /* Project object */;
}